PODS:
  - Alamofire (4.2.0)
  - SwiftGifOrigin (1.6.1)
  - SwiftyJSON (3.1.4)

DEPENDENCIES:
  - Alamofire (~> 4.0)
  - SwiftGifOrigin (~> 1.6.1)
  - SwiftyJSON (~> 3.1)

SPEC CHECKSUMS:
  Alamofire: aa2e09d871c9160ac53c90e83c68064a94e3dfbe
  SwiftGifOrigin: d6679d3ebe9df2e049a84bc52582635107b581f6
  SwiftyJSON: c2842d878f95482ffceec5709abc3d05680c0220

PODFILE CHECKSUM: afdfa62d4ec75d29c3e6c10a510eb5d841bacb20

COCOAPODS: 1.1.1
