PODS:
  - Alamofire (4.2.0)
  - SwiftyJSON (3.1.4)

DEPENDENCIES:
  - Alamofire (~> 4.0)
  - SwiftyJSON (~> 3.1)

SPEC CHECKSUMS:
  Alamofire: aa2e09d871c9160ac53c90e83c68064a94e3dfbe
  SwiftyJSON: c2842d878f95482ffceec5709abc3d05680c0220

PODFILE CHECKSUM: 09b07a989027c6d9a943404338b71e7973c65e3b

COCOAPODS: 1.1.1
