// !$*UTF8*$!
{
	archiveVersion = 1;
	classes = {
	};
	objectVersion = 46;
	objects = {

/* Begin PBXBuildFile section */
		04E8503F1E2E0A24001A5053 /* Images.xcassets in Resources */ = {isa = PBXBuildFile; fileRef = 04E8503E1E2E0A24001A5053 /* Images.xcassets */; };
		576F45A41E2B00DF00A1C37F /* ApiKeys.swift in Sources */ = {isa = PBXBuildFile; fileRef = 576F45A31E2B00DF00A1C37F /* ApiKeys.swift */; };
		57BF04591E2A257400AD3537 /* JoyModalViewController.swift in Sources */ = {isa = PBXBuildFile; fileRef = 57BF04581E2A257400AD3537 /* JoyModalViewController.swift */; };
		7B2A8F331E2AE95E005E5DE2 /* YouTube.swift in Sources */ = {isa = PBXBuildFile; fileRef = 7B2A8F321E2AE95E005E5DE2 /* YouTube.swift */; };
		7B456B601E2FDA4C00BCCA04 /* ApiKeys.plist in Resources */ = {isa = PBXBuildFile; fileRef = 7B456B5F1E2FDA4C00BCCA04 /* ApiKeys.plist */; };
		7BE6FDD31E2D851200DBF422 /* giphy.swift in Sources */ = {isa = PBXBuildFile; fileRef = 7BE6FDD21E2D851200DBF422 /* giphy.swift */; };
		7BE6FDD71E2E916900DBF422 /* login.swift in Sources */ = {isa = PBXBuildFile; fileRef = 7BE6FDD61E2E916900DBF422 /* login.swift */; };
		941C83F0EF336CB8D122FBB6 /* Pods_emotional_index_iOSTests.framework in Frameworks */ = {isa = PBXBuildFile; fileRef = D6E9685EBE3281A3D7A4D8DE /* Pods_emotional_index_iOSTests.framework */; };
		A738E9C0FB3BD5D0783AA517 /* Pods_emotional_index_iOSUITests.framework in Frameworks */ = {isa = PBXBuildFile; fileRef = A755458BCE2808489A7E502F /* Pods_emotional_index_iOSUITests.framework */; };
		C86D1D331E29D49100FE3D83 /* AppDelegate.swift in Sources */ = {isa = PBXBuildFile; fileRef = C86D1D321E29D49100FE3D83 /* AppDelegate.swift */; };
		C86D1D351E29D49100FE3D83 /* ViewController.swift in Sources */ = {isa = PBXBuildFile; fileRef = C86D1D341E29D49100FE3D83 /* ViewController.swift */; };
		C86D1D381E29D49200FE3D83 /* Main.storyboard in Resources */ = {isa = PBXBuildFile; fileRef = C86D1D361E29D49200FE3D83 /* Main.storyboard */; };
		C86D1D3A1E29D49200FE3D83 /* Assets.xcassets in Resources */ = {isa = PBXBuildFile; fileRef = C86D1D391E29D49200FE3D83 /* Assets.xcassets */; };
		C86D1D3D1E29D49200FE3D83 /* LaunchScreen.storyboard in Resources */ = {isa = PBXBuildFile; fileRef = C86D1D3B1E29D49200FE3D83 /* LaunchScreen.storyboard */; };
		C86D1D481E29D49200FE3D83 /* emotional_index_iOSTests.swift in Sources */ = {isa = PBXBuildFile; fileRef = C86D1D471E29D49200FE3D83 /* emotional_index_iOSTests.swift */; };
		C86D1D531E29D49300FE3D83 /* emotional_index_iOSUITests.swift in Sources */ = {isa = PBXBuildFile; fileRef = C86D1D521E29D49300FE3D83 /* emotional_index_iOSUITests.swift */; };
		C8CE1D8B1E2FD9AA0012EA03 /* ApiKeys.plist in Resources */ = {isa = PBXBuildFile; fileRef = C8CE1D8A1E2FD9AA0012EA03 /* ApiKeys.plist */; };
		DE0D30B3F93B19A36C6444F1 /* Pods_emotional_index_iOS.framework in Frameworks */ = {isa = PBXBuildFile; fileRef = 24239D96D89A51CE371ABA15 /* Pods_emotional_index_iOS.framework */; };
/* End PBXBuildFile section */

/* Begin PBXContainerItemProxy section */
		C86D1D441E29D49200FE3D83 /* PBXContainerItemProxy */ = {
			isa = PBXContainerItemProxy;
			containerPortal = C86D1D271E29D49000FE3D83 /* Project object */;
			proxyType = 1;
			remoteGlobalIDString = C86D1D2E1E29D49000FE3D83;
			remoteInfo = "emotional-index-iOS";
		};
		C86D1D4F1E29D49300FE3D83 /* PBXContainerItemProxy */ = {
			isa = PBXContainerItemProxy;
			containerPortal = C86D1D271E29D49000FE3D83 /* Project object */;
			proxyType = 1;
			remoteGlobalIDString = C86D1D2E1E29D49000FE3D83;
			remoteInfo = "emotional-index-iOS";
		};
/* End PBXContainerItemProxy section */

/* Begin PBXFileReference section */
		04E8503E1E2E0A24001A5053 /* Images.xcassets */ = {isa = PBXFileReference; lastKnownFileType = folder.assetcatalog; path = Images.xcassets; sourceTree = "<group>"; };
		24239D96D89A51CE371ABA15 /* Pods_emotional_index_iOS.framework */ = {isa = PBXFileReference; explicitFileType = wrapper.framework; includeInIndex = 0; path = Pods_emotional_index_iOS.framework; sourceTree = BUILT_PRODUCTS_DIR; };
		292CE3AF53AAE29697B004D4 /* Pods-emotional-index-iOS.debug.xcconfig */ = {isa = PBXFileReference; includeInIndex = 1; lastKnownFileType = text.xcconfig; name = "Pods-emotional-index-iOS.debug.xcconfig"; path = "Pods/Target Support Files/Pods-emotional-index-iOS/Pods-emotional-index-iOS.debug.xcconfig"; sourceTree = "<group>"; };
		576F45A31E2B00DF00A1C37F /* ApiKeys.swift */ = {isa = PBXFileReference; fileEncoding = 4; lastKnownFileType = sourcecode.swift; path = ApiKeys.swift; sourceTree = "<group>"; };
		57BF04581E2A257400AD3537 /* JoyModalViewController.swift */ = {isa = PBXFileReference; fileEncoding = 4; lastKnownFileType = sourcecode.swift; path = JoyModalViewController.swift; sourceTree = "<group>"; };
		5C7BD0528C033BE7B7FAF20B /* Pods-emotional-index-iOSTests.release.xcconfig */ = {isa = PBXFileReference; includeInIndex = 1; lastKnownFileType = text.xcconfig; name = "Pods-emotional-index-iOSTests.release.xcconfig"; path = "Pods/Target Support Files/Pods-emotional-index-iOSTests/Pods-emotional-index-iOSTests.release.xcconfig"; sourceTree = "<group>"; };
		7AF0A60273A19AB0A0EEDFC9 /* Pods-emotional-index-iOS.release.xcconfig */ = {isa = PBXFileReference; includeInIndex = 1; lastKnownFileType = text.xcconfig; name = "Pods-emotional-index-iOS.release.xcconfig"; path = "Pods/Target Support Files/Pods-emotional-index-iOS/Pods-emotional-index-iOS.release.xcconfig"; sourceTree = "<group>"; };
		7B2A8F321E2AE95E005E5DE2 /* YouTube.swift */ = {isa = PBXFileReference; fileEncoding = 4; lastKnownFileType = sourcecode.swift; path = YouTube.swift; sourceTree = "<group>"; };
		7B456B5F1E2FDA4C00BCCA04 /* ApiKeys.plist */ = {isa = PBXFileReference; fileEncoding = 4; lastKnownFileType = text.plist.xml; path = ApiKeys.plist; sourceTree = "<group>"; };
		7BE6FDD21E2D851200DBF422 /* giphy.swift */ = {isa = PBXFileReference; fileEncoding = 4; lastKnownFileType = sourcecode.swift; path = giphy.swift; sourceTree = "<group>"; };
		7BE6FDD61E2E916900DBF422 /* login.swift */ = {isa = PBXFileReference; fileEncoding = 4; lastKnownFileType = sourcecode.swift; path = login.swift; sourceTree = "<group>"; };
		A755458BCE2808489A7E502F /* Pods_emotional_index_iOSUITests.framework */ = {isa = PBXFileReference; explicitFileType = wrapper.framework; includeInIndex = 0; path = Pods_emotional_index_iOSUITests.framework; sourceTree = BUILT_PRODUCTS_DIR; };
		C86D1D2F1E29D49100FE3D83 /* emotional-index-iOS.app */ = {isa = PBXFileReference; explicitFileType = wrapper.application; includeInIndex = 0; path = "emotional-index-iOS.app"; sourceTree = BUILT_PRODUCTS_DIR; };
		C86D1D321E29D49100FE3D83 /* AppDelegate.swift */ = {isa = PBXFileReference; lastKnownFileType = sourcecode.swift; path = AppDelegate.swift; sourceTree = "<group>"; };
		C86D1D341E29D49100FE3D83 /* ViewController.swift */ = {isa = PBXFileReference; lastKnownFileType = sourcecode.swift; path = ViewController.swift; sourceTree = "<group>"; };
		C86D1D371E29D49200FE3D83 /* Base */ = {isa = PBXFileReference; lastKnownFileType = file.storyboard; name = Base; path = Base.lproj/Main.storyboard; sourceTree = "<group>"; };
		C86D1D391E29D49200FE3D83 /* Assets.xcassets */ = {isa = PBXFileReference; lastKnownFileType = folder.assetcatalog; path = Assets.xcassets; sourceTree = "<group>"; };
		C86D1D3C1E29D49200FE3D83 /* Base */ = {isa = PBXFileReference; lastKnownFileType = file.storyboard; name = Base; path = Base.lproj/LaunchScreen.storyboard; sourceTree = "<group>"; };
		C86D1D3E1E29D49200FE3D83 /* Info.plist */ = {isa = PBXFileReference; lastKnownFileType = text.plist.xml; path = Info.plist; sourceTree = "<group>"; };
		C86D1D431E29D49200FE3D83 /* emotional-index-iOSTests.xctest */ = {isa = PBXFileReference; explicitFileType = wrapper.cfbundle; includeInIndex = 0; path = "emotional-index-iOSTests.xctest"; sourceTree = BUILT_PRODUCTS_DIR; };
		C86D1D471E29D49200FE3D83 /* emotional_index_iOSTests.swift */ = {isa = PBXFileReference; lastKnownFileType = sourcecode.swift; path = emotional_index_iOSTests.swift; sourceTree = "<group>"; };
		C86D1D491E29D49200FE3D83 /* Info.plist */ = {isa = PBXFileReference; lastKnownFileType = text.plist.xml; path = Info.plist; sourceTree = "<group>"; };
		C86D1D4E1E29D49300FE3D83 /* emotional-index-iOSUITests.xctest */ = {isa = PBXFileReference; explicitFileType = wrapper.cfbundle; includeInIndex = 0; path = "emotional-index-iOSUITests.xctest"; sourceTree = BUILT_PRODUCTS_DIR; };
		C86D1D521E29D49300FE3D83 /* emotional_index_iOSUITests.swift */ = {isa = PBXFileReference; lastKnownFileType = sourcecode.swift; path = emotional_index_iOSUITests.swift; sourceTree = "<group>"; };
		C86D1D541E29D49300FE3D83 /* Info.plist */ = {isa = PBXFileReference; lastKnownFileType = text.plist.xml; path = Info.plist; sourceTree = "<group>"; };
		C8CE1D8A1E2FD9AA0012EA03 /* ApiKeys.plist */ = {isa = PBXFileReference; fileEncoding = 4; lastKnownFileType = text.plist.xml; path = ApiKeys.plist; sourceTree = "<group>"; };
		D6E9685EBE3281A3D7A4D8DE /* Pods_emotional_index_iOSTests.framework */ = {isa = PBXFileReference; explicitFileType = wrapper.framework; includeInIndex = 0; path = Pods_emotional_index_iOSTests.framework; sourceTree = BUILT_PRODUCTS_DIR; };
		D719105AC998F0E939EDC527 /* Pods-emotional-index-iOSUITests.debug.xcconfig */ = {isa = PBXFileReference; includeInIndex = 1; lastKnownFileType = text.xcconfig; name = "Pods-emotional-index-iOSUITests.debug.xcconfig"; path = "Pods/Target Support Files/Pods-emotional-index-iOSUITests/Pods-emotional-index-iOSUITests.debug.xcconfig"; sourceTree = "<group>"; };
		EC5D916F38B286DEE351932E /* Pods-emotional-index-iOSUITests.release.xcconfig */ = {isa = PBXFileReference; includeInIndex = 1; lastKnownFileType = text.xcconfig; name = "Pods-emotional-index-iOSUITests.release.xcconfig"; path = "Pods/Target Support Files/Pods-emotional-index-iOSUITests/Pods-emotional-index-iOSUITests.release.xcconfig"; sourceTree = "<group>"; };
		F2CA91FE510B8A48EEA15FC5 /* Pods-emotional-index-iOSTests.debug.xcconfig */ = {isa = PBXFileReference; includeInIndex = 1; lastKnownFileType = text.xcconfig; name = "Pods-emotional-index-iOSTests.debug.xcconfig"; path = "Pods/Target Support Files/Pods-emotional-index-iOSTests/Pods-emotional-index-iOSTests.debug.xcconfig"; sourceTree = "<group>"; };
/* End PBXFileReference section */

/* Begin PBXFrameworksBuildPhase section */
		C86D1D2C1E29D49000FE3D83 /* Frameworks */ = {
			isa = PBXFrameworksBuildPhase;
			buildActionMask = 2147483647;
			files = (
				DE0D30B3F93B19A36C6444F1 /* Pods_emotional_index_iOS.framework in Frameworks */,
			);
			runOnlyForDeploymentPostprocessing = 0;
		};
		C86D1D401E29D49200FE3D83 /* Frameworks */ = {
			isa = PBXFrameworksBuildPhase;
			buildActionMask = 2147483647;
			files = (
				941C83F0EF336CB8D122FBB6 /* Pods_emotional_index_iOSTests.framework in Frameworks */,
			);
			runOnlyForDeploymentPostprocessing = 0;
		};
		C86D1D4B1E29D49300FE3D83 /* Frameworks */ = {
			isa = PBXFrameworksBuildPhase;
			buildActionMask = 2147483647;
			files = (
				A738E9C0FB3BD5D0783AA517 /* Pods_emotional_index_iOSUITests.framework in Frameworks */,
			);
			runOnlyForDeploymentPostprocessing = 0;
		};
/* End PBXFrameworksBuildPhase section */

/* Begin PBXGroup section */
		1C5A2613033E3A2562AC7F7B /* Pods */ = {
			isa = PBXGroup;
			children = (
				292CE3AF53AAE29697B004D4 /* Pods-emotional-index-iOS.debug.xcconfig */,
				7AF0A60273A19AB0A0EEDFC9 /* Pods-emotional-index-iOS.release.xcconfig */,
				F2CA91FE510B8A48EEA15FC5 /* Pods-emotional-index-iOSTests.debug.xcconfig */,
				5C7BD0528C033BE7B7FAF20B /* Pods-emotional-index-iOSTests.release.xcconfig */,
				D719105AC998F0E939EDC527 /* Pods-emotional-index-iOSUITests.debug.xcconfig */,
				EC5D916F38B286DEE351932E /* Pods-emotional-index-iOSUITests.release.xcconfig */,
			);
			name = Pods;
			sourceTree = "<group>";
		};
		62103119B3372C4EC8B3FF0A /* Frameworks */ = {
			isa = PBXGroup;
			children = (
				24239D96D89A51CE371ABA15 /* Pods_emotional_index_iOS.framework */,
				D6E9685EBE3281A3D7A4D8DE /* Pods_emotional_index_iOSTests.framework */,
				A755458BCE2808489A7E502F /* Pods_emotional_index_iOSUITests.framework */,
			);
			name = Frameworks;
			sourceTree = "<group>";
		};
		C86D1D261E29D49000FE3D83 = {
			isa = PBXGroup;
			children = (
				C86D1D311E29D49100FE3D83 /* emotional-index-iOS */,
				C86D1D461E29D49200FE3D83 /* emotional-index-iOSTests */,
				C86D1D511E29D49300FE3D83 /* emotional-index-iOSUITests */,
				C86D1D301E29D49100FE3D83 /* Products */,
				1C5A2613033E3A2562AC7F7B /* Pods */,
				62103119B3372C4EC8B3FF0A /* Frameworks */,
			);
			sourceTree = "<group>";
		};
		C86D1D301E29D49100FE3D83 /* Products */ = {
			isa = PBXGroup;
			children = (
				C86D1D2F1E29D49100FE3D83 /* emotional-index-iOS.app */,
				C86D1D431E29D49200FE3D83 /* emotional-index-iOSTests.xctest */,
				C86D1D4E1E29D49300FE3D83 /* emotional-index-iOSUITests.xctest */,
			);
			name = Products;
			sourceTree = "<group>";
		};
		C86D1D311E29D49100FE3D83 /* emotional-index-iOS */ = {
			isa = PBXGroup;
			children = (
				C86D1D321E29D49100FE3D83 /* AppDelegate.swift */,
				C86D1D341E29D49100FE3D83 /* ViewController.swift */,
				C86D1D391E29D49200FE3D83 /* Assets.xcassets */,
				C86D1D361E29D49200FE3D83 /* Main.storyboard */,
				C86D1D3B1E29D49200FE3D83 /* LaunchScreen.storyboard */,
				C86D1D3E1E29D49200FE3D83 /* Info.plist */,
				57BF04581E2A257400AD3537 /* JoyModalViewController.swift */,
				7B2A8F321E2AE95E005E5DE2 /* YouTube.swift */,
				576F45A31E2B00DF00A1C37F /* ApiKeys.swift */,
				7BE6FDD21E2D851200DBF422 /* giphy.swift */,
				04E8503E1E2E0A24001A5053 /* Images.xcassets */,
				7BE6FDD61E2E916900DBF422 /* login.swift */,
				7B456B5F1E2FDA4C00BCCA04 /* ApiKeys.plist */,
			);
			path = "emotional-index-iOS";
			sourceTree = "<group>";
		};
		C86D1D461E29D49200FE3D83 /* emotional-index-iOSTests */ = {
			isa = PBXGroup;
			children = (
				C86D1D471E29D49200FE3D83 /* emotional_index_iOSTests.swift */,
				C86D1D491E29D49200FE3D83 /* Info.plist */,
			);
			path = "emotional-index-iOSTests";
			sourceTree = "<group>";
		};
		C86D1D511E29D49300FE3D83 /* emotional-index-iOSUITests */ = {
			isa = PBXGroup;
			children = (
				C86D1D521E29D49300FE3D83 /* emotional_index_iOSUITests.swift */,
				C86D1D541E29D49300FE3D83 /* Info.plist */,
			);
			path = "emotional-index-iOSUITests";
			sourceTree = "<group>";
		};
/* End PBXGroup section */

/* Begin PBXNativeTarget section */
		C86D1D2E1E29D49000FE3D83 /* emotional-index-iOS */ = {
			isa = PBXNativeTarget;
			buildConfigurationList = C86D1D571E29D49300FE3D83 /* Build configuration list for PBXNativeTarget "emotional-index-iOS" */;
			buildPhases = (
				83AAD93B4E74D4E54D6DF08E /* [CP] Check Pods Manifest.lock */,
				C86D1D2B1E29D49000FE3D83 /* Sources */,
				C86D1D2C1E29D49000FE3D83 /* Frameworks */,
				C86D1D2D1E29D49000FE3D83 /* Resources */,
				292FAA3278A7EC2441B7A808 /* [CP] Embed Pods Frameworks */,
				073AE95B9061BBC4057D9F95 /* [CP] Copy Pods Resources */,
			);
			buildRules = (
			);
			dependencies = (
			);
			name = "emotional-index-iOS";
			productName = "emotional-index-iOS";
			productReference = C86D1D2F1E29D49100FE3D83 /* emotional-index-iOS.app */;
			productType = "com.apple.product-type.application";
		};
		C86D1D421E29D49200FE3D83 /* emotional-index-iOSTests */ = {
			isa = PBXNativeTarget;
			buildConfigurationList = C86D1D5A1E29D49300FE3D83 /* Build configuration list for PBXNativeTarget "emotional-index-iOSTests" */;
			buildPhases = (
				3FB636E48D1B8AF12D1CC0B3 /* [CP] Check Pods Manifest.lock */,
				C86D1D3F1E29D49200FE3D83 /* Sources */,
				C86D1D401E29D49200FE3D83 /* Frameworks */,
				C86D1D411E29D49200FE3D83 /* Resources */,
				82F401544374BEB47B2FD634 /* [CP] Embed Pods Frameworks */,
				43E0C9E6CADBF4D78820E99D /* [CP] Copy Pods Resources */,
			);
			buildRules = (
			);
			dependencies = (
				C86D1D451E29D49200FE3D83 /* PBXTargetDependency */,
			);
			name = "emotional-index-iOSTests";
			productName = "emotional-index-iOSTests";
			productReference = C86D1D431E29D49200FE3D83 /* emotional-index-iOSTests.xctest */;
			productType = "com.apple.product-type.bundle.unit-test";
		};
		C86D1D4D1E29D49300FE3D83 /* emotional-index-iOSUITests */ = {
			isa = PBXNativeTarget;
			buildConfigurationList = C86D1D5D1E29D49300FE3D83 /* Build configuration list for PBXNativeTarget "emotional-index-iOSUITests" */;
			buildPhases = (
				0F03BB78E8716B568C383F34 /* [CP] Check Pods Manifest.lock */,
				C86D1D4A1E29D49300FE3D83 /* Sources */,
				C86D1D4B1E29D49300FE3D83 /* Frameworks */,
				C86D1D4C1E29D49300FE3D83 /* Resources */,
				7901CD5DF9FC3CAC1654F338 /* [CP] Embed Pods Frameworks */,
				DF874410AE729EEDAC219451 /* [CP] Copy Pods Resources */,
			);
			buildRules = (
			);
			dependencies = (
				C86D1D501E29D49300FE3D83 /* PBXTargetDependency */,
			);
			name = "emotional-index-iOSUITests";
			productName = "emotional-index-iOSUITests";
			productReference = C86D1D4E1E29D49300FE3D83 /* emotional-index-iOSUITests.xctest */;
			productType = "com.apple.product-type.bundle.ui-testing";
		};
/* End PBXNativeTarget section */

/* Begin PBXProject section */
		C86D1D271E29D49000FE3D83 /* Project object */ = {
			isa = PBXProject;
			attributes = {
				LastSwiftUpdateCheck = 0820;
				LastUpgradeCheck = 0820;
				ORGANIZATIONNAME = tokatlystantilizers;
				TargetAttributes = {
					C86D1D2E1E29D49000FE3D83 = {
						CreatedOnToolsVersion = 8.2.1;
						DevelopmentTeam = UM82D7D5C8;
						ProvisioningStyle = Automatic;
					};
					C86D1D421E29D49200FE3D83 = {
						CreatedOnToolsVersion = 8.2.1;
						DevelopmentTeam = 254LGM2EZ7;
						ProvisioningStyle = Automatic;
						TestTargetID = C86D1D2E1E29D49000FE3D83;
					};
					C86D1D4D1E29D49300FE3D83 = {
						CreatedOnToolsVersion = 8.2.1;
						DevelopmentTeam = 254LGM2EZ7;
						ProvisioningStyle = Automatic;
						TestTargetID = C86D1D2E1E29D49000FE3D83;
					};
				};
			};
			buildConfigurationList = C86D1D2A1E29D49000FE3D83 /* Build configuration list for PBXProject "emotional-index-iOS" */;
			compatibilityVersion = "Xcode 3.2";
			developmentRegion = English;
			hasScannedForEncodings = 0;
			knownRegions = (
				en,
				Base,
			);
			mainGroup = C86D1D261E29D49000FE3D83;
			productRefGroup = C86D1D301E29D49100FE3D83 /* Products */;
			projectDirPath = "";
			projectRoot = "";
			targets = (
				C86D1D2E1E29D49000FE3D83 /* emotional-index-iOS */,
				C86D1D421E29D49200FE3D83 /* emotional-index-iOSTests */,
				C86D1D4D1E29D49300FE3D83 /* emotional-index-iOSUITests */,
			);
		};
/* End PBXProject section */

/* Begin PBXResourcesBuildPhase section */
		C86D1D2D1E29D49000FE3D83 /* Resources */ = {
			isa = PBXResourcesBuildPhase;
			buildActionMask = 2147483647;
			files = (
				C86D1D3D1E29D49200FE3D83 /* LaunchScreen.storyboard in Resources */,
				04E8503F1E2E0A24001A5053 /* Images.xcassets in Resources */,
				C86D1D3A1E29D49200FE3D83 /* Assets.xcassets in Resources */,
				C86D1D381E29D49200FE3D83 /* Main.storyboard in Resources */,
				7B456B601E2FDA4C00BCCA04 /* ApiKeys.plist in Resources */,
			);
			runOnlyForDeploymentPostprocessing = 0;
		};
		C86D1D411E29D49200FE3D83 /* Resources */ = {
			isa = PBXResourcesBuildPhase;
			buildActionMask = 2147483647;
			files = (
			);
			runOnlyForDeploymentPostprocessing = 0;
		};
		C86D1D4C1E29D49300FE3D83 /* Resources */ = {
			isa = PBXResourcesBuildPhase;
			buildActionMask = 2147483647;
			files = (
			);
			runOnlyForDeploymentPostprocessing = 0;
		};
/* End PBXResourcesBuildPhase section */

/* Begin PBXShellScriptBuildPhase section */
		073AE95B9061BBC4057D9F95 /* [CP] Copy Pods Resources */ = {
			isa = PBXShellScriptBuildPhase;
			buildActionMask = 2147483647;
			files = (
			);
			inputPaths = (
			);
			name = "[CP] Copy Pods Resources";
			outputPaths = (
			);
			runOnlyForDeploymentPostprocessing = 0;
			shellPath = /bin/sh;
			shellScript = "\"${SRCROOT}/Pods/Target Support Files/Pods-emotional-index-iOS/Pods-emotional-index-iOS-resources.sh\"\n";
			showEnvVarsInLog = 0;
		};
		0F03BB78E8716B568C383F34 /* [CP] Check Pods Manifest.lock */ = {
			isa = PBXShellScriptBuildPhase;
			buildActionMask = 2147483647;
			files = (
			);
			inputPaths = (
			);
			name = "[CP] Check Pods Manifest.lock";
			outputPaths = (
			);
			runOnlyForDeploymentPostprocessing = 0;
			shellPath = /bin/sh;
			shellScript = "diff \"${PODS_ROOT}/../Podfile.lock\" \"${PODS_ROOT}/Manifest.lock\" > /dev/null\nif [ $? != 0 ] ; then\n    # print error to STDERR\n    echo \"error: The sandbox is not in sync with the Podfile.lock. Run 'pod install' or update your CocoaPods installation.\" >&2\n    exit 1\nfi\n";
			showEnvVarsInLog = 0;
		};
		292FAA3278A7EC2441B7A808 /* [CP] Embed Pods Frameworks */ = {
			isa = PBXShellScriptBuildPhase;
			buildActionMask = 2147483647;
			files = (
			);
			inputPaths = (
			);
			name = "[CP] Embed Pods Frameworks";
			outputPaths = (
			);
			runOnlyForDeploymentPostprocessing = 0;
			shellPath = /bin/sh;
			shellScript = "\"${SRCROOT}/Pods/Target Support Files/Pods-emotional-index-iOS/Pods-emotional-index-iOS-frameworks.sh\"\n";
			showEnvVarsInLog = 0;
		};
		3FB636E48D1B8AF12D1CC0B3 /* [CP] Check Pods Manifest.lock */ = {
			isa = PBXShellScriptBuildPhase;
			buildActionMask = 2147483647;
			files = (
			);
			inputPaths = (
			);
			name = "[CP] Check Pods Manifest.lock";
			outputPaths = (
			);
			runOnlyForDeploymentPostprocessing = 0;
			shellPath = /bin/sh;
			shellScript = "diff \"${PODS_ROOT}/../Podfile.lock\" \"${PODS_ROOT}/Manifest.lock\" > /dev/null\nif [ $? != 0 ] ; then\n    # print error to STDERR\n    echo \"error: The sandbox is not in sync with the Podfile.lock. Run 'pod install' or update your CocoaPods installation.\" >&2\n    exit 1\nfi\n";
			showEnvVarsInLog = 0;
		};
		43E0C9E6CADBF4D78820E99D /* [CP] Copy Pods Resources */ = {
			isa = PBXShellScriptBuildPhase;
			buildActionMask = 2147483647;
			files = (
			);
			inputPaths = (
			);
			name = "[CP] Copy Pods Resources";
			outputPaths = (
			);
			runOnlyForDeploymentPostprocessing = 0;
			shellPath = /bin/sh;
			shellScript = "\"${SRCROOT}/Pods/Target Support Files/Pods-emotional-index-iOSTests/Pods-emotional-index-iOSTests-resources.sh\"\n";
			showEnvVarsInLog = 0;
		};
		7901CD5DF9FC3CAC1654F338 /* [CP] Embed Pods Frameworks */ = {
			isa = PBXShellScriptBuildPhase;
			buildActionMask = 2147483647;
			files = (
			);
			inputPaths = (
			);
			name = "[CP] Embed Pods Frameworks";
			outputPaths = (
			);
			runOnlyForDeploymentPostprocessing = 0;
			shellPath = /bin/sh;
			shellScript = "\"${SRCROOT}/Pods/Target Support Files/Pods-emotional-index-iOSUITests/Pods-emotional-index-iOSUITests-frameworks.sh\"\n";
			showEnvVarsInLog = 0;
		};
		82F401544374BEB47B2FD634 /* [CP] Embed Pods Frameworks */ = {
			isa = PBXShellScriptBuildPhase;
			buildActionMask = 2147483647;
			files = (
			);
			inputPaths = (
			);
			name = "[CP] Embed Pods Frameworks";
			outputPaths = (
			);
			runOnlyForDeploymentPostprocessing = 0;
			shellPath = /bin/sh;
			shellScript = "\"${SRCROOT}/Pods/Target Support Files/Pods-emotional-index-iOSTests/Pods-emotional-index-iOSTests-frameworks.sh\"\n";
			showEnvVarsInLog = 0;
		};
		83AAD93B4E74D4E54D6DF08E /* [CP] Check Pods Manifest.lock */ = {
			isa = PBXShellScriptBuildPhase;
			buildActionMask = 2147483647;
			files = (
			);
			inputPaths = (
			);
			name = "[CP] Check Pods Manifest.lock";
			outputPaths = (
			);
			runOnlyForDeploymentPostprocessing = 0;
			shellPath = /bin/sh;
			shellScript = "diff \"${PODS_ROOT}/../Podfile.lock\" \"${PODS_ROOT}/Manifest.lock\" > /dev/null\nif [ $? != 0 ] ; then\n    # print error to STDERR\n    echo \"error: The sandbox is not in sync with the Podfile.lock. Run 'pod install' or update your CocoaPods installation.\" >&2\n    exit 1\nfi\n";
			showEnvVarsInLog = 0;
		};
		DF874410AE729EEDAC219451 /* [CP] Copy Pods Resources */ = {
			isa = PBXShellScriptBuildPhase;
			buildActionMask = 2147483647;
			files = (
			);
			inputPaths = (
			);
			name = "[CP] Copy Pods Resources";
			outputPaths = (
			);
			runOnlyForDeploymentPostprocessing = 0;
			shellPath = /bin/sh;
			shellScript = "\"${SRCROOT}/Pods/Target Support Files/Pods-emotional-index-iOSUITests/Pods-emotional-index-iOSUITests-resources.sh\"\n";
			showEnvVarsInLog = 0;
		};
/* End PBXShellScriptBuildPhase section */

/* Begin PBXSourcesBuildPhase section */
		C86D1D2B1E29D49000FE3D83 /* Sources */ = {
			isa = PBXSourcesBuildPhase;
			buildActionMask = 2147483647;
			files = (
				57BF04591E2A257400AD3537 /* JoyModalViewController.swift in Sources */,
				7B2A8F331E2AE95E005E5DE2 /* YouTube.swift in Sources */,
				C86D1D351E29D49100FE3D83 /* ViewController.swift in Sources */,
				7BE6FDD31E2D851200DBF422 /* giphy.swift in Sources */,
				576F45A41E2B00DF00A1C37F /* ApiKeys.swift in Sources */,
				7BE6FDD71E2E916900DBF422 /* login.swift in Sources */,
				C86D1D331E29D49100FE3D83 /* AppDelegate.swift in Sources */,
			);
			runOnlyForDeploymentPostprocessing = 0;
		};
		C86D1D3F1E29D49200FE3D83 /* Sources */ = {
			isa = PBXSourcesBuildPhase;
			buildActionMask = 2147483647;
			files = (
				C86D1D481E29D49200FE3D83 /* emotional_index_iOSTests.swift in Sources */,
			);
			runOnlyForDeploymentPostprocessing = 0;
		};
		C86D1D4A1E29D49300FE3D83 /* Sources */ = {
			isa = PBXSourcesBuildPhase;
			buildActionMask = 2147483647;
			files = (
				C86D1D531E29D49300FE3D83 /* emotional_index_iOSUITests.swift in Sources */,
			);
			runOnlyForDeploymentPostprocessing = 0;
		};
/* End PBXSourcesBuildPhase section */

/* Begin PBXTargetDependency section */
		C86D1D451E29D49200FE3D83 /* PBXTargetDependency */ = {
			isa = PBXTargetDependency;
			target = C86D1D2E1E29D49000FE3D83 /* emotional-index-iOS */;
			targetProxy = C86D1D441E29D49200FE3D83 /* PBXContainerItemProxy */;
		};
		C86D1D501E29D49300FE3D83 /* PBXTargetDependency */ = {
			isa = PBXTargetDependency;
			target = C86D1D2E1E29D49000FE3D83 /* emotional-index-iOS */;
			targetProxy = C86D1D4F1E29D49300FE3D83 /* PBXContainerItemProxy */;
		};
/* End PBXTargetDependency section */

/* Begin PBXVariantGroup section */
		C86D1D361E29D49200FE3D83 /* Main.storyboard */ = {
			isa = PBXVariantGroup;
			children = (
				C86D1D371E29D49200FE3D83 /* Base */,
			);
			name = Main.storyboard;
			sourceTree = "<group>";
		};
		C86D1D3B1E29D49200FE3D83 /* LaunchScreen.storyboard */ = {
			isa = PBXVariantGroup;
			children = (
				C86D1D3C1E29D49200FE3D83 /* Base */,
			);
			name = LaunchScreen.storyboard;
			sourceTree = "<group>";
		};
/* End PBXVariantGroup section */

/* Begin XCBuildConfiguration section */
		C86D1D551E29D49300FE3D83 /* Debug */ = {
			isa = XCBuildConfiguration;
			buildSettings = {
				ALWAYS_SEARCH_USER_PATHS = NO;
				CLANG_ANALYZER_NONNULL = YES;
				CLANG_CXX_LANGUAGE_STANDARD = "gnu++0x";
				CLANG_CXX_LIBRARY = "libc++";
				CLANG_ENABLE_MODULES = YES;
				CLANG_ENABLE_OBJC_ARC = YES;
				CLANG_WARN_BOOL_CONVERSION = YES;
				CLANG_WARN_CONSTANT_CONVERSION = YES;
				CLANG_WARN_DIRECT_OBJC_ISA_USAGE = YES_ERROR;
				CLANG_WARN_DOCUMENTATION_COMMENTS = YES;
				CLANG_WARN_EMPTY_BODY = YES;
				CLANG_WARN_ENUM_CONVERSION = YES;
				CLANG_WARN_INFINITE_RECURSION = YES;
				CLANG_WARN_INT_CONVERSION = YES;
				CLANG_WARN_OBJC_ROOT_CLASS = YES_ERROR;
				CLANG_WARN_SUSPICIOUS_MOVE = YES;
				CLANG_WARN_UNREACHABLE_CODE = YES;
				CLANG_WARN__DUPLICATE_METHOD_MATCH = YES;
				"CODE_SIGN_IDENTITY[sdk=iphoneos*]" = "iPhone Developer";
				COPY_PHASE_STRIP = NO;
				DEBUG_INFORMATION_FORMAT = dwarf;
				ENABLE_STRICT_OBJC_MSGSEND = YES;
				ENABLE_TESTABILITY = YES;
				GCC_C_LANGUAGE_STANDARD = gnu99;
				GCC_DYNAMIC_NO_PIC = NO;
				GCC_NO_COMMON_BLOCKS = YES;
				GCC_OPTIMIZATION_LEVEL = 0;
				GCC_PREPROCESSOR_DEFINITIONS = (
					"DEBUG=1",
					"$(inherited)",
				);
				GCC_WARN_64_TO_32_BIT_CONVERSION = YES;
				GCC_WARN_ABOUT_RETURN_TYPE = YES_ERROR;
				GCC_WARN_UNDECLARED_SELECTOR = YES;
				GCC_WARN_UNINITIALIZED_AUTOS = YES_AGGRESSIVE;
				GCC_WARN_UNUSED_FUNCTION = YES;
				GCC_WARN_UNUSED_VARIABLE = YES;
				IPHONEOS_DEPLOYMENT_TARGET = 10.2;
				MTL_ENABLE_DEBUG_INFO = YES;
				ONLY_ACTIVE_ARCH = YES;
				SDKROOT = iphoneos;
				SWIFT_ACTIVE_COMPILATION_CONDITIONS = DEBUG;
				SWIFT_OPTIMIZATION_LEVEL = "-Onone";
			};
			name = Debug;
		};
		C86D1D561E29D49300FE3D83 /* Release */ = {
			isa = XCBuildConfiguration;
			buildSettings = {
				ALWAYS_SEARCH_USER_PATHS = NO;
				CLANG_ANALYZER_NONNULL = YES;
				CLANG_CXX_LANGUAGE_STANDARD = "gnu++0x";
				CLANG_CXX_LIBRARY = "libc++";
				CLANG_ENABLE_MODULES = YES;
				CLANG_ENABLE_OBJC_ARC = YES;
				CLANG_WARN_BOOL_CONVERSION = YES;
				CLANG_WARN_CONSTANT_CONVERSION = YES;
				CLANG_WARN_DIRECT_OBJC_ISA_USAGE = YES_ERROR;
				CLANG_WARN_DOCUMENTATION_COMMENTS = YES;
				CLANG_WARN_EMPTY_BODY = YES;
				CLANG_WARN_ENUM_CONVERSION = YES;
				CLANG_WARN_INFINITE_RECURSION = YES;
				CLANG_WARN_INT_CONVERSION = YES;
				CLANG_WARN_OBJC_ROOT_CLASS = YES_ERROR;
				CLANG_WARN_SUSPICIOUS_MOVE = YES;
				CLANG_WARN_UNREACHABLE_CODE = YES;
				CLANG_WARN__DUPLICATE_METHOD_MATCH = YES;
				"CODE_SIGN_IDENTITY[sdk=iphoneos*]" = "iPhone Developer";
				COPY_PHASE_STRIP = NO;
				DEBUG_INFORMATION_FORMAT = "dwarf-with-dsym";
				ENABLE_NS_ASSERTIONS = NO;
				ENABLE_STRICT_OBJC_MSGSEND = YES;
				GCC_C_LANGUAGE_STANDARD = gnu99;
				GCC_NO_COMMON_BLOCKS = YES;
				GCC_WARN_64_TO_32_BIT_CONVERSION = YES;
				GCC_WARN_ABOUT_RETURN_TYPE = YES_ERROR;
				GCC_WARN_UNDECLARED_SELECTOR = YES;
				GCC_WARN_UNINITIALIZED_AUTOS = YES_AGGRESSIVE;
				GCC_WARN_UNUSED_FUNCTION = YES;
				GCC_WARN_UNUSED_VARIABLE = YES;
				IPHONEOS_DEPLOYMENT_TARGET = 10.2;
				MTL_ENABLE_DEBUG_INFO = NO;
				SDKROOT = iphoneos;
				SWIFT_OPTIMIZATION_LEVEL = "-Owholemodule";
				VALIDATE_PRODUCT = YES;
			};
			name = Release;
		};
		C86D1D581E29D49300FE3D83 /* Debug */ = {
			isa = XCBuildConfiguration;
			baseConfigurationReference = 292CE3AF53AAE29697B004D4 /* Pods-emotional-index-iOS.debug.xcconfig */;
			buildSettings = {
				ASSETCATALOG_COMPILER_APPICON_NAME = AppIcon;
				ASSETCATALOG_COMPILER_LAUNCHIMAGE_NAME = LaunchImage;
				DEVELOPMENT_TEAM = UM82D7D5C8;
				INFOPLIST_FILE = "emotional-index-iOS/Info.plist";
				LD_RUNPATH_SEARCH_PATHS = "$(inherited) @executable_path/Frameworks";
				PRODUCT_BUNDLE_IDENTIFIER = "com.tokatlys-tantilizers.emotional-index-iOS";
				PRODUCT_NAME = "$(TARGET_NAME)";
				SWIFT_VERSION = 3.0;
			};
			name = Debug;
		};
		C86D1D591E29D49300FE3D83 /* Release */ = {
			isa = XCBuildConfiguration;
			baseConfigurationReference = 7AF0A60273A19AB0A0EEDFC9 /* Pods-emotional-index-iOS.release.xcconfig */;
			buildSettings = {
				ASSETCATALOG_COMPILER_APPICON_NAME = AppIcon;
				ASSETCATALOG_COMPILER_LAUNCHIMAGE_NAME = LaunchImage;
				DEVELOPMENT_TEAM = UM82D7D5C8;
				INFOPLIST_FILE = "emotional-index-iOS/Info.plist";
				LD_RUNPATH_SEARCH_PATHS = "$(inherited) @executable_path/Frameworks";
				PRODUCT_BUNDLE_IDENTIFIER = "com.tokatlys-tantilizers.emotional-index-iOS";
				PRODUCT_NAME = "$(TARGET_NAME)";
				SWIFT_VERSION = 3.0;
			};
			name = Release;
		};
		C86D1D5B1E29D49300FE3D83 /* Debug */ = {
			isa = XCBuildConfiguration;
			baseConfigurationReference = F2CA91FE510B8A48EEA15FC5 /* Pods-emotional-index-iOSTests.debug.xcconfig */;
			buildSettings = {
				ALWAYS_EMBED_SWIFT_STANDARD_LIBRARIES = YES;
				BUNDLE_LOADER = "$(TEST_HOST)";
				DEVELOPMENT_TEAM = 254LGM2EZ7;
				INFOPLIST_FILE = "emotional-index-iOSTests/Info.plist";
				LD_RUNPATH_SEARCH_PATHS = "$(inherited) @executable_path/Frameworks @loader_path/Frameworks";
				PRODUCT_BUNDLE_IDENTIFIER = "com.totkatlystantilizers.emotional-index-iOSTests";
				PRODUCT_NAME = "$(TARGET_NAME)";
				SWIFT_VERSION = 3.0;
				TEST_HOST = "$(BUILT_PRODUCTS_DIR)/emotional-index-iOS.app/emotional-index-iOS";
			};
			name = Debug;
		};
		C86D1D5C1E29D49300FE3D83 /* Release */ = {
			isa = XCBuildConfiguration;
			baseConfigurationReference = 5C7BD0528C033BE7B7FAF20B /* Pods-emotional-index-iOSTests.release.xcconfig */;
			buildSettings = {
				ALWAYS_EMBED_SWIFT_STANDARD_LIBRARIES = YES;
				BUNDLE_LOADER = "$(TEST_HOST)";
				DEVELOPMENT_TEAM = 254LGM2EZ7;
				INFOPLIST_FILE = "emotional-index-iOSTests/Info.plist";
				LD_RUNPATH_SEARCH_PATHS = "$(inherited) @executable_path/Frameworks @loader_path/Frameworks";
				PRODUCT_BUNDLE_IDENTIFIER = "com.totkatlystantilizers.emotional-index-iOSTests";
				PRODUCT_NAME = "$(TARGET_NAME)";
				SWIFT_VERSION = 3.0;
				TEST_HOST = "$(BUILT_PRODUCTS_DIR)/emotional-index-iOS.app/emotional-index-iOS";
			};
			name = Release;
		};
		C86D1D5E1E29D49300FE3D83 /* Debug */ = {
			isa = XCBuildConfiguration;
			baseConfigurationReference = D719105AC998F0E939EDC527 /* Pods-emotional-index-iOSUITests.debug.xcconfig */;
			buildSettings = {
				ALWAYS_EMBED_SWIFT_STANDARD_LIBRARIES = YES;
				DEVELOPMENT_TEAM = 254LGM2EZ7;
				INFOPLIST_FILE = "emotional-index-iOSUITests/Info.plist";
				LD_RUNPATH_SEARCH_PATHS = "$(inherited) @executable_path/Frameworks @loader_path/Frameworks";
				PRODUCT_BUNDLE_IDENTIFIER = "com.totkatlystantilizers.emotional-index-iOSUITests";
				PRODUCT_NAME = "$(TARGET_NAME)";
				SWIFT_VERSION = 3.0;
				TEST_TARGET_NAME = "emotional-index-iOS";
			};
			name = Debug;
		};
		C86D1D5F1E29D49300FE3D83 /* Release */ = {
			isa = XCBuildConfiguration;
			baseConfigurationReference = EC5D916F38B286DEE351932E /* Pods-emotional-index-iOSUITests.release.xcconfig */;
			buildSettings = {
				ALWAYS_EMBED_SWIFT_STANDARD_LIBRARIES = YES;
				DEVELOPMENT_TEAM = 254LGM2EZ7;
				INFOPLIST_FILE = "emotional-index-iOSUITests/Info.plist";
				LD_RUNPATH_SEARCH_PATHS = "$(inherited) @executable_path/Frameworks @loader_path/Frameworks";
				PRODUCT_BUNDLE_IDENTIFIER = "com.totkatlystantilizers.emotional-index-iOSUITests";
				PRODUCT_NAME = "$(TARGET_NAME)";
				SWIFT_VERSION = 3.0;
				TEST_TARGET_NAME = "emotional-index-iOS";
			};
			name = Release;
		};
/* End XCBuildConfiguration section */

/* Begin XCConfigurationList section */
		C86D1D2A1E29D49000FE3D83 /* Build configuration list for PBXProject "emotional-index-iOS" */ = {
			isa = XCConfigurationList;
			buildConfigurations = (
				C86D1D551E29D49300FE3D83 /* Debug */,
				C86D1D561E29D49300FE3D83 /* Release */,
			);
			defaultConfigurationIsVisible = 0;
			defaultConfigurationName = Release;
		};
		C86D1D571E29D49300FE3D83 /* Build configuration list for PBXNativeTarget "emotional-index-iOS" */ = {
			isa = XCConfigurationList;
			buildConfigurations = (
				C86D1D581E29D49300FE3D83 /* Debug */,
				C86D1D591E29D49300FE3D83 /* Release */,
			);
			defaultConfigurationIsVisible = 0;
			defaultConfigurationName = Release;
		};
		C86D1D5A1E29D49300FE3D83 /* Build configuration list for PBXNativeTarget "emotional-index-iOSTests" */ = {
			isa = XCConfigurationList;
			buildConfigurations = (
				C86D1D5B1E29D49300FE3D83 /* Debug */,
				C86D1D5C1E29D49300FE3D83 /* Release */,
			);
			defaultConfigurationIsVisible = 0;
			defaultConfigurationName = Release;
		};
		C86D1D5D1E29D49300FE3D83 /* Build configuration list for PBXNativeTarget "emotional-index-iOSUITests" */ = {
			isa = XCConfigurationList;
			buildConfigurations = (
				C86D1D5E1E29D49300FE3D83 /* Debug */,
				C86D1D5F1E29D49300FE3D83 /* Release */,
			);
			defaultConfigurationIsVisible = 0;
			defaultConfigurationName = Release;
		};
/* End XCConfigurationList section */
	};
	rootObject = C86D1D271E29D49000FE3D83 /* Project object */;
}
